
Microsoft Visual Studio Solution File, Format Version 12.00
# Visual Studio Version 16
VisualStudioVersion = 16.0.31019.35
MinimumVisualStudioVersion = 10.0.40219.1
Project("{FAE04EC0-301F-11D3-BF4B-00C04F79EFBC}") = "BuyNSellWebApp", "BuyNSellWebApp\BuyNSellWebApp.csproj", "{2DD384E6-2C35-4F3B-B77E-03AB64183160}"
EndProject
Global
	GlobalSection(SolutionConfigurationPlatforms) = preSolution
		Debug|Any CPU = Debug|Any CPU
		Release|Any CPU = Release|Any CPU
	EndGlobalSection
	GlobalSection(ProjectConfigurationPlatforms) = postSolution
		{2DD384E6-2C35-4F3B-B77E-03AB64183160}.Debug|Any CPU.ActiveCfg = Debug|Any CPU
		{2DD384E6-2C35-4F3B-B77E-03AB64183160}.Debug|Any CPU.Build.0 = Debug|Any CPU
		{2DD384E6-2C35-4F3B-B77E-03AB64183160}.Release|Any CPU.ActiveCfg = Release|Any CPU
		{2DD384E6-2C35-4F3B-B77E-03AB64183160}.Release|Any CPU.Build.0 = Release|Any CPU
	EndGlobalSection
	GlobalSection(SolutionProperties) = preSolution
		HideSolutionNode = FALSE
	EndGlobalSection
	GlobalSection(ExtensibilityGlobals) = postSolution
		SolutionGuid = {87D0C155-71D6-4766-A6FF-E3180CF02F42}
	EndGlobalSection
EndGlobal
